// !$*UTF8*$!
{
	archiveVersion = 1;
	classes = {
	};
	objectVersion = 46;
	objects = {

/* Begin PBXBuildFile section */
		9C0A72FE1F44133E00A98642 /* String.swift in Sources */ = {isa = PBXBuildFile; fileRef = 9C0A72FD1F44133E00A98642 /* String.swift */; };
		9C0EAEBA1F400B30008D4CF3 /* GamesTableViewCell.swift in Sources */ = {isa = PBXBuildFile; fileRef = 9C0EAEB91F400B30008D4CF3 /* GamesTableViewCell.swift */; };
		9C0EAEBF1F416362008D4CF3 /* CreateNameViewController.swift in Sources */ = {isa = PBXBuildFile; fileRef = 9C0EAEBE1F416362008D4CF3 /* CreateNameViewController.swift */; };
		9C0EAEC21F4163B9008D4CF3 /* CreatePlayersViewController.swift in Sources */ = {isa = PBXBuildFile; fileRef = 9C0EAEC11F4163B9008D4CF3 /* CreatePlayersViewController.swift */; };
		9C0EAEC61F41653F008D4CF3 /* KeyboardAvoiding.swift in Sources */ = {isa = PBXBuildFile; fileRef = 9C0EAEC41F41653E008D4CF3 /* KeyboardAvoiding.swift */; };
		9C0EAEC71F41653F008D4CF3 /* KeyboardDismissingView.swift in Sources */ = {isa = PBXBuildFile; fileRef = 9C0EAEC51F41653E008D4CF3 /* KeyboardDismissingView.swift */; };
		9C0EAEC91F416F7D008D4CF3 /* AddPlayerTableViewCell.swift in Sources */ = {isa = PBXBuildFile; fileRef = 9C0EAEC81F416F7D008D4CF3 /* AddPlayerTableViewCell.swift */; };
		9C0EAECC1F41770B008D4CF3 /* UIViewController.swift in Sources */ = {isa = PBXBuildFile; fileRef = 9C0EAECB1F41770B008D4CF3 /* UIViewController.swift */; };
		9C304E291F42C19E0068752A /* Store.swift in Sources */ = {isa = PBXBuildFile; fileRef = 9C304E281F42C19E0068752A /* Store.swift */; };
		9C760D691EC655F20000D3B0 /* Score.swift in Sources */ = {isa = PBXBuildFile; fileRef = 9C760D681EC655F20000D3B0 /* Score.swift */; };
		9C7F11D41F5530C300B9E140 /* NumPadViewController.swift in Sources */ = {isa = PBXBuildFile; fileRef = 9C7F11D31F5530C300B9E140 /* NumPadViewController.swift */; };
		9C8D9D851F4E9D7A00430CB0 /* Crashlytics.framework in Frameworks */ = {isa = PBXBuildFile; fileRef = 9C8D9D831F4E9D7000430CB0 /* Crashlytics.framework */; };
		9C8D9D861F4E9D7A00430CB0 /* Fabric.framework in Frameworks */ = {isa = PBXBuildFile; fileRef = 9C8D9D841F4E9D7000430CB0 /* Fabric.framework */; };
		9CA3F7171F4D772A008AE32D /* Analytics.swift in Sources */ = {isa = PBXBuildFile; fileRef = 9CA3F7161F4D772A008AE32D /* Analytics.swift */; };
		9CADE2271F42DB390039CFE5 /* GameViewController.swift in Sources */ = {isa = PBXBuildFile; fileRef = 9CADE2261F42DB390039CFE5 /* GameViewController.swift */; };
		9CADE2291F42DB420039CFE5 /* ScoreViewController.swift in Sources */ = {isa = PBXBuildFile; fileRef = 9CADE2281F42DB420039CFE5 /* ScoreViewController.swift */; };
		9CADE22B1F42DDE60039CFE5 /* PlayerTableViewCell.swift in Sources */ = {isa = PBXBuildFile; fileRef = 9CADE22A1F42DDE60039CFE5 /* PlayerTableViewCell.swift */; };
		9CADE22D1F42E5F80039CFE5 /* UIColor.swift in Sources */ = {isa = PBXBuildFile; fileRef = 9CADE22C1F42E5F80039CFE5 /* UIColor.swift */; };
		9CADE22F1F42E6070039CFE5 /* Styles.swift in Sources */ = {isa = PBXBuildFile; fileRef = 9CADE22E1F42E6070039CFE5 /* Styles.swift */; };
		9CB416C91EC06F6700D6496E /* AppDelegate.swift in Sources */ = {isa = PBXBuildFile; fileRef = 9CB416C81EC06F6700D6496E /* AppDelegate.swift */; };
		9CB416D01EC06F6700D6496E /* Main.storyboard in Resources */ = {isa = PBXBuildFile; fileRef = 9CB416CE1EC06F6700D6496E /* Main.storyboard */; };
		9CB416D21EC06F6700D6496E /* Assets.xcassets in Resources */ = {isa = PBXBuildFile; fileRef = 9CB416D11EC06F6700D6496E /* Assets.xcassets */; };
		9CB416D51EC06F6700D6496E /* LaunchScreen.storyboard in Resources */ = {isa = PBXBuildFile; fileRef = 9CB416D31EC06F6700D6496E /* LaunchScreen.storyboard */; };
		9CB416E01EC06F6700D6496E /* ScoryTests.swift in Sources */ = {isa = PBXBuildFile; fileRef = 9CB416DF1EC06F6700D6496E /* ScoryTests.swift */; };
		9CB416EB1EC06F6700D6496E /* ScoryUITests.swift in Sources */ = {isa = PBXBuildFile; fileRef = 9CB416EA1EC06F6700D6496E /* ScoryUITests.swift */; };
		9CB417031EC0782600D6496E /* GamesListViewController.swift in Sources */ = {isa = PBXBuildFile; fileRef = 9CB417021EC0782600D6496E /* GamesListViewController.swift */; };
		9CB417061EC07D2A00D6496E /* Game.swift in Sources */ = {isa = PBXBuildFile; fileRef = 9CB417051EC07D2A00D6496E /* Game.swift */; };
		9CB4170B1EC07E2B00D6496E /* Player.swift in Sources */ = {isa = PBXBuildFile; fileRef = 9CB4170A1EC07E2B00D6496E /* Player.swift */; };
		9CCFBAE51F419FC700FAECC9 /* Realm.framework in Frameworks */ = {isa = PBXBuildFile; fileRef = 9CCFBAE11F41949F00FAECC9 /* Realm.framework */; };
		9CCFBAE61F419FC700FAECC9 /* RealmSwift.framework in Frameworks */ = {isa = PBXBuildFile; fileRef = 9CCFBAE21F41949F00FAECC9 /* RealmSwift.framework */; };
		9CD99E9D1F46D4CC0061E0F8 /* Settings.swift in Sources */ = {isa = PBXBuildFile; fileRef = 9CD99E9C1F46D4CC0061E0F8 /* Settings.swift */; };
/* End PBXBuildFile section */

/* Begin PBXContainerItemProxy section */
		9CB416DC1EC06F6700D6496E /* PBXContainerItemProxy */ = {
			isa = PBXContainerItemProxy;
			containerPortal = 9CB416BD1EC06F6700D6496E /* Project object */;
			proxyType = 1;
			remoteGlobalIDString = 9CB416C41EC06F6700D6496E;
			remoteInfo = Scory;
		};
		9CB416E71EC06F6700D6496E /* PBXContainerItemProxy */ = {
			isa = PBXContainerItemProxy;
			containerPortal = 9CB416BD1EC06F6700D6496E /* Project object */;
			proxyType = 1;
			remoteGlobalIDString = 9CB416C41EC06F6700D6496E;
			remoteInfo = Scory;
		};
/* End PBXContainerItemProxy section */

/* Begin PBXFileReference section */
		9C0A72FD1F44133E00A98642 /* String.swift */ = {isa = PBXFileReference; lastKnownFileType = sourcecode.swift; path = String.swift; sourceTree = "<group>"; };
		9C0EAEB91F400B30008D4CF3 /* GamesTableViewCell.swift */ = {isa = PBXFileReference; lastKnownFileType = sourcecode.swift; path = GamesTableViewCell.swift; sourceTree = "<group>"; };
		9C0EAEBE1F416362008D4CF3 /* CreateNameViewController.swift */ = {isa = PBXFileReference; lastKnownFileType = sourcecode.swift; path = CreateNameViewController.swift; sourceTree = "<group>"; };
		9C0EAEC11F4163B9008D4CF3 /* CreatePlayersViewController.swift */ = {isa = PBXFileReference; lastKnownFileType = sourcecode.swift; path = CreatePlayersViewController.swift; sourceTree = "<group>"; };
		9C0EAEC41F41653E008D4CF3 /* KeyboardAvoiding.swift */ = {isa = PBXFileReference; lastKnownFileType = sourcecode.swift; path = KeyboardAvoiding.swift; sourceTree = "<group>"; };
		9C0EAEC51F41653E008D4CF3 /* KeyboardDismissingView.swift */ = {isa = PBXFileReference; lastKnownFileType = sourcecode.swift; path = KeyboardDismissingView.swift; sourceTree = "<group>"; };
		9C0EAEC81F416F7D008D4CF3 /* AddPlayerTableViewCell.swift */ = {isa = PBXFileReference; lastKnownFileType = sourcecode.swift; path = AddPlayerTableViewCell.swift; sourceTree = "<group>"; };
		9C0EAECB1F41770B008D4CF3 /* UIViewController.swift */ = {isa = PBXFileReference; lastKnownFileType = sourcecode.swift; path = UIViewController.swift; sourceTree = "<group>"; };
		9C304E281F42C19E0068752A /* Store.swift */ = {isa = PBXFileReference; lastKnownFileType = sourcecode.swift; path = Store.swift; sourceTree = "<group>"; };
		9C760D681EC655F20000D3B0 /* Score.swift */ = {isa = PBXFileReference; fileEncoding = 4; lastKnownFileType = sourcecode.swift; path = Score.swift; sourceTree = "<group>"; };
		9C7F11D31F5530C300B9E140 /* NumPadViewController.swift */ = {isa = PBXFileReference; lastKnownFileType = sourcecode.swift; path = NumPadViewController.swift; sourceTree = "<group>"; };
		9C8D9D831F4E9D7000430CB0 /* Crashlytics.framework */ = {isa = PBXFileReference; lastKnownFileType = wrapper.framework; path = Crashlytics.framework; sourceTree = "<group>"; };
		9C8D9D841F4E9D7000430CB0 /* Fabric.framework */ = {isa = PBXFileReference; lastKnownFileType = wrapper.framework; path = Fabric.framework; sourceTree = "<group>"; };
		9CA3F7161F4D772A008AE32D /* Analytics.swift */ = {isa = PBXFileReference; lastKnownFileType = sourcecode.swift; path = Analytics.swift; sourceTree = "<group>"; };
		9CADE2261F42DB390039CFE5 /* GameViewController.swift */ = {isa = PBXFileReference; lastKnownFileType = sourcecode.swift; path = GameViewController.swift; sourceTree = "<group>"; };
		9CADE2281F42DB420039CFE5 /* ScoreViewController.swift */ = {isa = PBXFileReference; lastKnownFileType = sourcecode.swift; path = ScoreViewController.swift; sourceTree = "<group>"; };
		9CADE22A1F42DDE60039CFE5 /* PlayerTableViewCell.swift */ = {isa = PBXFileReference; lastKnownFileType = sourcecode.swift; path = PlayerTableViewCell.swift; sourceTree = "<group>"; };
		9CADE22C1F42E5F80039CFE5 /* UIColor.swift */ = {isa = PBXFileReference; lastKnownFileType = sourcecode.swift; path = UIColor.swift; sourceTree = "<group>"; };
		9CADE22E1F42E6070039CFE5 /* Styles.swift */ = {isa = PBXFileReference; lastKnownFileType = sourcecode.swift; path = Styles.swift; sourceTree = "<group>"; };
		9CB416C51EC06F6700D6496E /* Bowtie.app */ = {isa = PBXFileReference; explicitFileType = wrapper.application; includeInIndex = 0; path = Bowtie.app; sourceTree = BUILT_PRODUCTS_DIR; };
		9CB416C81EC06F6700D6496E /* AppDelegate.swift */ = {isa = PBXFileReference; lastKnownFileType = sourcecode.swift; path = AppDelegate.swift; sourceTree = "<group>"; };
		9CB416CF1EC06F6700D6496E /* Base */ = {isa = PBXFileReference; lastKnownFileType = file.storyboard; name = Base; path = Base.lproj/Main.storyboard; sourceTree = "<group>"; };
		9CB416D11EC06F6700D6496E /* Assets.xcassets */ = {isa = PBXFileReference; lastKnownFileType = folder.assetcatalog; path = Assets.xcassets; sourceTree = "<group>"; };
		9CB416D41EC06F6700D6496E /* Base */ = {isa = PBXFileReference; lastKnownFileType = file.storyboard; name = Base; path = Base.lproj/LaunchScreen.storyboard; sourceTree = "<group>"; };
		9CB416D61EC06F6700D6496E /* Info.plist */ = {isa = PBXFileReference; lastKnownFileType = text.plist.xml; path = Info.plist; sourceTree = "<group>"; };
		9CB416DB1EC06F6700D6496E /* ScoryTests.xctest */ = {isa = PBXFileReference; explicitFileType = wrapper.cfbundle; includeInIndex = 0; path = ScoryTests.xctest; sourceTree = BUILT_PRODUCTS_DIR; };
		9CB416DF1EC06F6700D6496E /* ScoryTests.swift */ = {isa = PBXFileReference; lastKnownFileType = sourcecode.swift; path = ScoryTests.swift; sourceTree = "<group>"; };
		9CB416E11EC06F6700D6496E /* Info.plist */ = {isa = PBXFileReference; lastKnownFileType = text.plist.xml; path = Info.plist; sourceTree = "<group>"; };
		9CB416E61EC06F6700D6496E /* ScoryUITests.xctest */ = {isa = PBXFileReference; explicitFileType = wrapper.cfbundle; includeInIndex = 0; path = ScoryUITests.xctest; sourceTree = BUILT_PRODUCTS_DIR; };
		9CB416EA1EC06F6700D6496E /* ScoryUITests.swift */ = {isa = PBXFileReference; lastKnownFileType = sourcecode.swift; path = ScoryUITests.swift; sourceTree = "<group>"; };
		9CB416EC1EC06F6700D6496E /* Info.plist */ = {isa = PBXFileReference; lastKnownFileType = text.plist.xml; path = Info.plist; sourceTree = "<group>"; };
		9CB417021EC0782600D6496E /* GamesListViewController.swift */ = {isa = PBXFileReference; fileEncoding = 4; lastKnownFileType = sourcecode.swift; path = GamesListViewController.swift; sourceTree = "<group>"; };
		9CB417051EC07D2A00D6496E /* Game.swift */ = {isa = PBXFileReference; fileEncoding = 4; lastKnownFileType = sourcecode.swift; path = Game.swift; sourceTree = "<group>"; };
		9CB4170A1EC07E2B00D6496E /* Player.swift */ = {isa = PBXFileReference; fileEncoding = 4; lastKnownFileType = sourcecode.swift; path = Player.swift; sourceTree = "<group>"; };
		9CCFBAE11F41949F00FAECC9 /* Realm.framework */ = {isa = PBXFileReference; lastKnownFileType = wrapper.framework; name = Realm.framework; path = Carthage/Build/iOS/Realm.framework; sourceTree = "<group>"; };
		9CCFBAE21F41949F00FAECC9 /* RealmSwift.framework */ = {isa = PBXFileReference; lastKnownFileType = wrapper.framework; name = RealmSwift.framework; path = Carthage/Build/iOS/RealmSwift.framework; sourceTree = "<group>"; };
		9CD99E9C1F46D4CC0061E0F8 /* Settings.swift */ = {isa = PBXFileReference; lastKnownFileType = sourcecode.swift; path = Settings.swift; sourceTree = "<group>"; };
/* End PBXFileReference section */

/* Begin PBXFrameworksBuildPhase section */
		9CB416C21EC06F6700D6496E /* Frameworks */ = {
			isa = PBXFrameworksBuildPhase;
			buildActionMask = 2147483647;
			files = (
				9CCFBAE51F419FC700FAECC9 /* Realm.framework in Frameworks */,
				9CCFBAE61F419FC700FAECC9 /* RealmSwift.framework in Frameworks */,
				9C8D9D851F4E9D7A00430CB0 /* Crashlytics.framework in Frameworks */,
				9C8D9D861F4E9D7A00430CB0 /* Fabric.framework in Frameworks */,
			);
			runOnlyForDeploymentPostprocessing = 0;
		};
		9CB416D81EC06F6700D6496E /* Frameworks */ = {
			isa = PBXFrameworksBuildPhase;
			buildActionMask = 2147483647;
			files = (
			);
			runOnlyForDeploymentPostprocessing = 0;
		};
		9CB416E31EC06F6700D6496E /* Frameworks */ = {
			isa = PBXFrameworksBuildPhase;
			buildActionMask = 2147483647;
			files = (
			);
			runOnlyForDeploymentPostprocessing = 0;
		};
/* End PBXFrameworksBuildPhase section */

/* Begin PBXGroup section */
		9C0EAEBB1F415D71008D4CF3 /* IHKeyboardAvoiding */ = {
			isa = PBXGroup;
			children = (
				9C0EAEC41F41653E008D4CF3 /* KeyboardAvoiding.swift */,
				9C0EAEC51F41653E008D4CF3 /* KeyboardDismissingView.swift */,
			);
			name = IHKeyboardAvoiding;
			sourceTree = "<group>";
		};
		9C0EAEC01F41636F008D4CF3 /* ViewControllers */ = {
			isa = PBXGroup;
			children = (
				9CB417021EC0782600D6496E /* GamesListViewController.swift */,
				9C0EAEBE1F416362008D4CF3 /* CreateNameViewController.swift */,
				9C0EAEC11F4163B9008D4CF3 /* CreatePlayersViewController.swift */,
				9CADE2261F42DB390039CFE5 /* GameViewController.swift */,
				9CADE2281F42DB420039CFE5 /* ScoreViewController.swift */,
				9C7F11D31F5530C300B9E140 /* NumPadViewController.swift */,
			);
			name = ViewControllers;
			sourceTree = "<group>";
		};
		9C0EAEC31F4163D8008D4CF3 /* Cells */ = {
			isa = PBXGroup;
			children = (
				9C0EAEB91F400B30008D4CF3 /* GamesTableViewCell.swift */,
				9C0EAEC81F416F7D008D4CF3 /* AddPlayerTableViewCell.swift */,
				9CADE22A1F42DDE60039CFE5 /* PlayerTableViewCell.swift */,
			);
			name = Cells;
			sourceTree = "<group>";
		};
		9C0EAECA1F4176FB008D4CF3 /* Extensions */ = {
			isa = PBXGroup;
			children = (
				9C0EAECB1F41770B008D4CF3 /* UIViewController.swift */,
				9CADE22C1F42E5F80039CFE5 /* UIColor.swift */,
				9C0A72FD1F44133E00A98642 /* String.swift */,
			);
			name = Extensions;
			sourceTree = "<group>";
		};
		9CB416BC1EC06F6700D6496E = {
			isa = PBXGroup;
			children = (
				9CB416C71EC06F6700D6496E /* Scory */,
				9CB416DE1EC06F6700D6496E /* ScoryTests */,
				9CB416E91EC06F6700D6496E /* ScoryUITests */,
				9CB416C61EC06F6700D6496E /* Products */,
				9CB416F81EC0712A00D6496E /* Frameworks */,
			);
			sourceTree = "<group>";
		};
		9CB416C61EC06F6700D6496E /* Products */ = {
			isa = PBXGroup;
			children = (
				9CB416C51EC06F6700D6496E /* Bowtie.app */,
				9CB416DB1EC06F6700D6496E /* ScoryTests.xctest */,
				9CB416E61EC06F6700D6496E /* ScoryUITests.xctest */,
			);
			name = Products;
			sourceTree = "<group>";
		};
		9CB416C71EC06F6700D6496E /* Scory */ = {
			isa = PBXGroup;
			children = (
				9C0EAECA1F4176FB008D4CF3 /* Extensions */,
				9CB416D61EC06F6700D6496E /* Info.plist */,
				9CB416C81EC06F6700D6496E /* AppDelegate.swift */,
				9CB416D11EC06F6700D6496E /* Assets.xcassets */,
				9C0EAEC31F4163D8008D4CF3 /* Cells */,
				9C0EAEBB1F415D71008D4CF3 /* IHKeyboardAvoiding */,
				9CB416D31EC06F6700D6496E /* LaunchScreen.storyboard */,
				9CB416CE1EC06F6700D6496E /* Main.storyboard */,
				9CB417041EC07D1000D6496E /* Models */,
				9C0EAEC01F41636F008D4CF3 /* ViewControllers */,
				9C304E281F42C19E0068752A /* Store.swift */,
				9CADE22E1F42E6070039CFE5 /* Styles.swift */,
				9CD99E9C1F46D4CC0061E0F8 /* Settings.swift */,
				9CA3F7161F4D772A008AE32D /* Analytics.swift */,
			);
			path = Scory;
			sourceTree = "<group>";
		};
		9CB416DE1EC06F6700D6496E /* ScoryTests */ = {
			isa = PBXGroup;
			children = (
				9CB416DF1EC06F6700D6496E /* ScoryTests.swift */,
				9CB416E11EC06F6700D6496E /* Info.plist */,
			);
			path = ScoryTests;
			sourceTree = "<group>";
		};
		9CB416E91EC06F6700D6496E /* ScoryUITests */ = {
			isa = PBXGroup;
			children = (
				9CB416EA1EC06F6700D6496E /* ScoryUITests.swift */,
				9CB416EC1EC06F6700D6496E /* Info.plist */,
			);
			path = ScoryUITests;
			sourceTree = "<group>";
		};
		9CB416F81EC0712A00D6496E /* Frameworks */ = {
			isa = PBXGroup;
			children = (
				9C8D9D831F4E9D7000430CB0 /* Crashlytics.framework */,
				9C8D9D841F4E9D7000430CB0 /* Fabric.framework */,
				9CCFBAE11F41949F00FAECC9 /* Realm.framework */,
				9CCFBAE21F41949F00FAECC9 /* RealmSwift.framework */,
			);
			name = Frameworks;
			sourceTree = "<group>";
		};
		9CB417041EC07D1000D6496E /* Models */ = {
			isa = PBXGroup;
			children = (
				9CB417051EC07D2A00D6496E /* Game.swift */,
				9CB4170A1EC07E2B00D6496E /* Player.swift */,
				9C760D681EC655F20000D3B0 /* Score.swift */,
			);
			name = Models;
			sourceTree = "<group>";
		};
/* End PBXGroup section */

/* Begin PBXNativeTarget section */
		9CB416C41EC06F6700D6496E /* Scory */ = {
			isa = PBXNativeTarget;
			buildConfigurationList = 9CB416EF1EC06F6700D6496E /* Build configuration list for PBXNativeTarget "Scory" */;
			buildPhases = (
				9CB416C11EC06F6700D6496E /* Sources */,
				9CB416C21EC06F6700D6496E /* Frameworks */,
				9CB416C31EC06F6700D6496E /* Resources */,
				9CCFBAE01F41943000FAECC9 /* ShellScript */,
				9CA3F70D1F4D75B3008AE32D /* ShellScript */,
			);
			buildRules = (
			);
			dependencies = (
			);
			name = Scory;
			productName = Scory;
			productReference = 9CB416C51EC06F6700D6496E /* Bowtie.app */;
			productType = "com.apple.product-type.application";
		};
		9CB416DA1EC06F6700D6496E /* ScoryTests */ = {
			isa = PBXNativeTarget;
			buildConfigurationList = 9CB416F21EC06F6700D6496E /* Build configuration list for PBXNativeTarget "ScoryTests" */;
			buildPhases = (
				9CB416D71EC06F6700D6496E /* Sources */,
				9CB416D81EC06F6700D6496E /* Frameworks */,
				9CB416D91EC06F6700D6496E /* Resources */,
			);
			buildRules = (
			);
			dependencies = (
				9CB416DD1EC06F6700D6496E /* PBXTargetDependency */,
			);
			name = ScoryTests;
			productName = ScoryTests;
			productReference = 9CB416DB1EC06F6700D6496E /* ScoryTests.xctest */;
			productType = "com.apple.product-type.bundle.unit-test";
		};
		9CB416E51EC06F6700D6496E /* ScoryUITests */ = {
			isa = PBXNativeTarget;
			buildConfigurationList = 9CB416F51EC06F6700D6496E /* Build configuration list for PBXNativeTarget "ScoryUITests" */;
			buildPhases = (
				9CB416E21EC06F6700D6496E /* Sources */,
				9CB416E31EC06F6700D6496E /* Frameworks */,
				9CB416E41EC06F6700D6496E /* Resources */,
			);
			buildRules = (
			);
			dependencies = (
				9CB416E81EC06F6700D6496E /* PBXTargetDependency */,
			);
			name = ScoryUITests;
			productName = ScoryUITests;
			productReference = 9CB416E61EC06F6700D6496E /* ScoryUITests.xctest */;
			productType = "com.apple.product-type.bundle.ui-testing";
		};
/* End PBXNativeTarget section */

/* Begin PBXProject section */
		9CB416BD1EC06F6700D6496E /* Project object */ = {
			isa = PBXProject;
			attributes = {
				LastSwiftUpdateCheck = 0830;
				LastUpgradeCheck = 0900;
				ORGANIZATIONNAME = "Jake Runzer";
				TargetAttributes = {
					9CB416C41EC06F6700D6496E = {
						CreatedOnToolsVersion = 8.3.2;
						DevelopmentTeam = 4TPDCY22V9;
						LastSwiftMigration = 0900;
						ProvisioningStyle = Automatic;
					};
					9CB416DA1EC06F6700D6496E = {
						CreatedOnToolsVersion = 8.3.2;
						DevelopmentTeam = 4TPDCY22V9;
						LastSwiftMigration = 0900;
						ProvisioningStyle = Automatic;
						TestTargetID = 9CB416C41EC06F6700D6496E;
					};
					9CB416E51EC06F6700D6496E = {
						CreatedOnToolsVersion = 8.3.2;
						DevelopmentTeam = 4TPDCY22V9;
						LastSwiftMigration = 0900;
						ProvisioningStyle = Automatic;
						TestTargetID = 9CB416C41EC06F6700D6496E;
					};
				};
			};
			buildConfigurationList = 9CB416C01EC06F6700D6496E /* Build configuration list for PBXProject "Scory" */;
			compatibilityVersion = "Xcode 3.2";
			developmentRegion = English;
			hasScannedForEncodings = 0;
			knownRegions = (
				en,
				Base,
			);
			mainGroup = 9CB416BC1EC06F6700D6496E;
			productRefGroup = 9CB416C61EC06F6700D6496E /* Products */;
			projectDirPath = "";
			projectRoot = "";
			targets = (
				9CB416C41EC06F6700D6496E /* Scory */,
				9CB416DA1EC06F6700D6496E /* ScoryTests */,
				9CB416E51EC06F6700D6496E /* ScoryUITests */,
			);
		};
/* End PBXProject section */

/* Begin PBXResourcesBuildPhase section */
		9CB416C31EC06F6700D6496E /* Resources */ = {
			isa = PBXResourcesBuildPhase;
			buildActionMask = 2147483647;
			files = (
				9CB416D51EC06F6700D6496E /* LaunchScreen.storyboard in Resources */,
				9CB416D21EC06F6700D6496E /* Assets.xcassets in Resources */,
				9CB416D01EC06F6700D6496E /* Main.storyboard in Resources */,
			);
			runOnlyForDeploymentPostprocessing = 0;
		};
		9CB416D91EC06F6700D6496E /* Resources */ = {
			isa = PBXResourcesBuildPhase;
			buildActionMask = 2147483647;
			files = (
			);
			runOnlyForDeploymentPostprocessing = 0;
		};
		9CB416E41EC06F6700D6496E /* Resources */ = {
			isa = PBXResourcesBuildPhase;
			buildActionMask = 2147483647;
			files = (
			);
			runOnlyForDeploymentPostprocessing = 0;
		};
/* End PBXResourcesBuildPhase section */

/* Begin PBXShellScriptBuildPhase section */
		9CA3F70D1F4D75B3008AE32D /* ShellScript */ = {
			isa = PBXShellScriptBuildPhase;
			buildActionMask = 2147483647;
			files = (
			);
			inputPaths = (
			);
			outputPaths = (
			);
			runOnlyForDeploymentPostprocessing = 0;
			shellPath = /bin/sh;
			shellScript = "\"${PROJECT_DIR}/Fabric.framework/run\" ab09dfba68ec87866fde734a063b9f3fffb4cf7c a72dcfda26c2ccb4c7acd51b168dfa34f20c111471ffbb2a626fe5e2594d2e26";
		};
		9CCFBAE01F41943000FAECC9 /* ShellScript */ = {
			isa = PBXShellScriptBuildPhase;
			buildActionMask = 2147483647;
			files = (
			);
			inputPaths = (
				"$(SRCROOT)/Carthage/Build/iOS/Realm.framework",
				"$(SRCROOT)/Carthage/Build/iOS/RealmSwift.framework",
			);
			outputPaths = (
			);
			runOnlyForDeploymentPostprocessing = 0;
			shellPath = /bin/sh;
			shellScript = "/usr/local/bin/carthage copy-frameworks";
		};
/* End PBXShellScriptBuildPhase section */

/* Begin PBXSourcesBuildPhase section */
		9CB416C11EC06F6700D6496E /* Sources */ = {
			isa = PBXSourcesBuildPhase;
			buildActionMask = 2147483647;
			files = (
				9CADE2271F42DB390039CFE5 /* GameViewController.swift in Sources */,
				9C7F11D41F5530C300B9E140 /* NumPadViewController.swift in Sources */,
				9C0EAEC91F416F7D008D4CF3 /* AddPlayerTableViewCell.swift in Sources */,
				9CADE2291F42DB420039CFE5 /* ScoreViewController.swift in Sources */,
				9CB417031EC0782600D6496E /* GamesListViewController.swift in Sources */,
				9CADE22B1F42DDE60039CFE5 /* PlayerTableViewCell.swift in Sources */,
				9C0EAECC1F41770B008D4CF3 /* UIViewController.swift in Sources */,
				9CADE22D1F42E5F80039CFE5 /* UIColor.swift in Sources */,
				9C0EAEC61F41653F008D4CF3 /* KeyboardAvoiding.swift in Sources */,
				9CA3F7171F4D772A008AE32D /* Analytics.swift in Sources */,
				9C0EAEBF1F416362008D4CF3 /* CreateNameViewController.swift in Sources */,
				9CADE22F1F42E6070039CFE5 /* Styles.swift in Sources */,
				9C0EAEBA1F400B30008D4CF3 /* GamesTableViewCell.swift in Sources */,
				9CB417061EC07D2A00D6496E /* Game.swift in Sources */,
				9C304E291F42C19E0068752A /* Store.swift in Sources */,
				9C0EAEC71F41653F008D4CF3 /* KeyboardDismissingView.swift in Sources */,
				9CD99E9D1F46D4CC0061E0F8 /* Settings.swift in Sources */,
				9CB416C91EC06F6700D6496E /* AppDelegate.swift in Sources */,
				9C0EAEC21F4163B9008D4CF3 /* CreatePlayersViewController.swift in Sources */,
				9CB4170B1EC07E2B00D6496E /* Player.swift in Sources */,
				9C0A72FE1F44133E00A98642 /* String.swift in Sources */,
				9C760D691EC655F20000D3B0 /* Score.swift in Sources */,
			);
			runOnlyForDeploymentPostprocessing = 0;
		};
		9CB416D71EC06F6700D6496E /* Sources */ = {
			isa = PBXSourcesBuildPhase;
			buildActionMask = 2147483647;
			files = (
				9CB416E01EC06F6700D6496E /* ScoryTests.swift in Sources */,
			);
			runOnlyForDeploymentPostprocessing = 0;
		};
		9CB416E21EC06F6700D6496E /* Sources */ = {
			isa = PBXSourcesBuildPhase;
			buildActionMask = 2147483647;
			files = (
				9CB416EB1EC06F6700D6496E /* ScoryUITests.swift in Sources */,
			);
			runOnlyForDeploymentPostprocessing = 0;
		};
/* End PBXSourcesBuildPhase section */

/* Begin PBXTargetDependency section */
		9CB416DD1EC06F6700D6496E /* PBXTargetDependency */ = {
			isa = PBXTargetDependency;
			target = 9CB416C41EC06F6700D6496E /* Scory */;
			targetProxy = 9CB416DC1EC06F6700D6496E /* PBXContainerItemProxy */;
		};
		9CB416E81EC06F6700D6496E /* PBXTargetDependency */ = {
			isa = PBXTargetDependency;
			target = 9CB416C41EC06F6700D6496E /* Scory */;
			targetProxy = 9CB416E71EC06F6700D6496E /* PBXContainerItemProxy */;
		};
/* End PBXTargetDependency section */

/* Begin PBXVariantGroup section */
		9CB416CE1EC06F6700D6496E /* Main.storyboard */ = {
			isa = PBXVariantGroup;
			children = (
				9CB416CF1EC06F6700D6496E /* Base */,
			);
			name = Main.storyboard;
			sourceTree = "<group>";
		};
		9CB416D31EC06F6700D6496E /* LaunchScreen.storyboard */ = {
			isa = PBXVariantGroup;
			children = (
				9CB416D41EC06F6700D6496E /* Base */,
			);
			name = LaunchScreen.storyboard;
			sourceTree = "<group>";
		};
/* End PBXVariantGroup section */

/* Begin XCBuildConfiguration section */
		9CB416ED1EC06F6700D6496E /* Debug */ = {
			isa = XCBuildConfiguration;
			buildSettings = {
				ALWAYS_SEARCH_USER_PATHS = NO;
				CLANG_ANALYZER_NONNULL = YES;
				CLANG_ANALYZER_NUMBER_OBJECT_CONVERSION = YES_AGGRESSIVE;
				CLANG_CXX_LANGUAGE_STANDARD = "gnu++0x";
				CLANG_CXX_LIBRARY = "libc++";
				CLANG_ENABLE_MODULES = YES;
				CLANG_ENABLE_OBJC_ARC = YES;
				CLANG_WARN_BLOCK_CAPTURE_AUTORELEASING = YES;
				CLANG_WARN_BOOL_CONVERSION = YES;
				CLANG_WARN_COMMA = YES;
				CLANG_WARN_CONSTANT_CONVERSION = YES;
				CLANG_WARN_DIRECT_OBJC_ISA_USAGE = YES_ERROR;
				CLANG_WARN_DOCUMENTATION_COMMENTS = YES;
				CLANG_WARN_EMPTY_BODY = YES;
				CLANG_WARN_ENUM_CONVERSION = YES;
				CLANG_WARN_INFINITE_RECURSION = YES;
				CLANG_WARN_INT_CONVERSION = YES;
				CLANG_WARN_NON_LITERAL_NULL_CONVERSION = YES;
				CLANG_WARN_OBJC_LITERAL_CONVERSION = YES;
				CLANG_WARN_OBJC_ROOT_CLASS = YES_ERROR;
				CLANG_WARN_RANGE_LOOP_ANALYSIS = YES;
				CLANG_WARN_STRICT_PROTOTYPES = YES;
				CLANG_WARN_SUSPICIOUS_MOVE = YES;
				CLANG_WARN_UNREACHABLE_CODE = YES;
				CLANG_WARN__DUPLICATE_METHOD_MATCH = YES;
				"CODE_SIGN_IDENTITY[sdk=iphoneos*]" = "iPhone Developer";
				COPY_PHASE_STRIP = NO;
				DEBUG_INFORMATION_FORMAT = dwarf;
				ENABLE_STRICT_OBJC_MSGSEND = YES;
				ENABLE_TESTABILITY = YES;
				GCC_C_LANGUAGE_STANDARD = gnu99;
				GCC_DYNAMIC_NO_PIC = NO;
				GCC_NO_COMMON_BLOCKS = YES;
				GCC_OPTIMIZATION_LEVEL = 0;
				GCC_PREPROCESSOR_DEFINITIONS = (
					"DEBUG=1",
					"$(inherited)",
				);
				GCC_WARN_64_TO_32_BIT_CONVERSION = YES;
				GCC_WARN_ABOUT_RETURN_TYPE = YES_ERROR;
				GCC_WARN_UNDECLARED_SELECTOR = YES;
				GCC_WARN_UNINITIALIZED_AUTOS = YES_AGGRESSIVE;
				GCC_WARN_UNUSED_FUNCTION = YES;
				GCC_WARN_UNUSED_VARIABLE = YES;
				IPHONEOS_DEPLOYMENT_TARGET = 10.3;
				MTL_ENABLE_DEBUG_INFO = YES;
				ONLY_ACTIVE_ARCH = YES;
				SDKROOT = iphoneos;
				SWIFT_ACTIVE_COMPILATION_CONDITIONS = DEBUG;
				SWIFT_OPTIMIZATION_LEVEL = "-Onone";
				SWIFT_VERSION = 4.0;
				TARGETED_DEVICE_FAMILY = "1,2";
			};
			name = Debug;
		};
		9CB416EE1EC06F6700D6496E /* Release */ = {
			isa = XCBuildConfiguration;
			buildSettings = {
				ALWAYS_SEARCH_USER_PATHS = NO;
				CLANG_ANALYZER_NONNULL = YES;
				CLANG_ANALYZER_NUMBER_OBJECT_CONVERSION = YES_AGGRESSIVE;
				CLANG_CXX_LANGUAGE_STANDARD = "gnu++0x";
				CLANG_CXX_LIBRARY = "libc++";
				CLANG_ENABLE_MODULES = YES;
				CLANG_ENABLE_OBJC_ARC = YES;
				CLANG_WARN_BLOCK_CAPTURE_AUTORELEASING = YES;
				CLANG_WARN_BOOL_CONVERSION = YES;
				CLANG_WARN_COMMA = YES;
				CLANG_WARN_CONSTANT_CONVERSION = YES;
				CLANG_WARN_DIRECT_OBJC_ISA_USAGE = YES_ERROR;
				CLANG_WARN_DOCUMENTATION_COMMENTS = YES;
				CLANG_WARN_EMPTY_BODY = YES;
				CLANG_WARN_ENUM_CONVERSION = YES;
				CLANG_WARN_INFINITE_RECURSION = YES;
				CLANG_WARN_INT_CONVERSION = YES;
				CLANG_WARN_NON_LITERAL_NULL_CONVERSION = YES;
				CLANG_WARN_OBJC_LITERAL_CONVERSION = YES;
				CLANG_WARN_OBJC_ROOT_CLASS = YES_ERROR;
				CLANG_WARN_RANGE_LOOP_ANALYSIS = YES;
				CLANG_WARN_STRICT_PROTOTYPES = YES;
				CLANG_WARN_SUSPICIOUS_MOVE = YES;
				CLANG_WARN_UNREACHABLE_CODE = YES;
				CLANG_WARN__DUPLICATE_METHOD_MATCH = YES;
				"CODE_SIGN_IDENTITY[sdk=iphoneos*]" = "iPhone Developer";
				COPY_PHASE_STRIP = NO;
				DEBUG_INFORMATION_FORMAT = "dwarf-with-dsym";
				ENABLE_NS_ASSERTIONS = NO;
				ENABLE_STRICT_OBJC_MSGSEND = YES;
				GCC_C_LANGUAGE_STANDARD = gnu99;
				GCC_NO_COMMON_BLOCKS = YES;
				GCC_WARN_64_TO_32_BIT_CONVERSION = YES;
				GCC_WARN_ABOUT_RETURN_TYPE = YES_ERROR;
				GCC_WARN_UNDECLARED_SELECTOR = YES;
				GCC_WARN_UNINITIALIZED_AUTOS = YES_AGGRESSIVE;
				GCC_WARN_UNUSED_FUNCTION = YES;
				GCC_WARN_UNUSED_VARIABLE = YES;
				IPHONEOS_DEPLOYMENT_TARGET = 10.3;
				MTL_ENABLE_DEBUG_INFO = NO;
				SDKROOT = iphoneos;
				SWIFT_OPTIMIZATION_LEVEL = "-Owholemodule";
				SWIFT_VERSION = 4.0;
				TARGETED_DEVICE_FAMILY = "1,2";
				VALIDATE_PRODUCT = YES;
			};
			name = Release;
		};
		9CB416F01EC06F6700D6496E /* Debug */ = {
			isa = XCBuildConfiguration;
			buildSettings = {
				ASSETCATALOG_COMPILER_APPICON_NAME = AppIcon;
				DEVELOPMENT_TEAM = 4TPDCY22V9;
				FRAMEWORK_SEARCH_PATHS = (
					"$(inherited)",
					"$(PROJECT_DIR)/Carthage/Build/iOS",
					"$(PROJECT_DIR)",
				);
				INFOPLIST_FILE = Scory/Info.plist;
				IPHONEOS_DEPLOYMENT_TARGET = 10.3;
				LD_RUNPATH_SEARCH_PATHS = "$(inherited) @executable_path/Frameworks";
				PRODUCT_BUNDLE_IDENTIFIER = xyz.jakerunzer.bowtie;
				PRODUCT_NAME = Bowtie;
				SWIFT_SWIFT3_OBJC_INFERENCE = On;
				SWIFT_VERSION = 4.0;
			};
			name = Debug;
		};
		9CB416F11EC06F6700D6496E /* Release */ = {
			isa = XCBuildConfiguration;
			buildSettings = {
				ASSETCATALOG_COMPILER_APPICON_NAME = AppIcon;
				DEVELOPMENT_TEAM = 4TPDCY22V9;
				FRAMEWORK_SEARCH_PATHS = (
					"$(inherited)",
					"$(PROJECT_DIR)/Carthage/Build/iOS",
					"$(PROJECT_DIR)",
				);
				INFOPLIST_FILE = Scory/Info.plist;
				IPHONEOS_DEPLOYMENT_TARGET = 10.3;
				LD_RUNPATH_SEARCH_PATHS = "$(inherited) @executable_path/Frameworks";
				PRODUCT_BUNDLE_IDENTIFIER = xyz.jakerunzer.bowtie;
				PRODUCT_NAME = Bowtie;
				SWIFT_SWIFT3_OBJC_INFERENCE = On;
				SWIFT_VERSION = 4.0;
			};
			name = Release;
		};
		9CB416F31EC06F6700D6496E /* Debug */ = {
			isa = XCBuildConfiguration;
			buildSettings = {
				ALWAYS_EMBED_SWIFT_STANDARD_LIBRARIES = YES;
				BUNDLE_LOADER = "$(TEST_HOST)";
				DEVELOPMENT_TEAM = 4TPDCY22V9;
				INFOPLIST_FILE = ScoryTests/Info.plist;
				LD_RUNPATH_SEARCH_PATHS = "$(inherited) @executable_path/Frameworks @loader_path/Frameworks";
				PRODUCT_BUNDLE_IDENTIFIER = xyz.jakerunzer.ScoryTests;
				PRODUCT_NAME = "$(TARGET_NAME)";
				SWIFT_SWIFT3_OBJC_INFERENCE = On;
				SWIFT_VERSION = 4.0;
				TEST_HOST = "$(BUILT_PRODUCTS_DIR)/Bowtie.app/Bowtie";
			};
			name = Debug;
		};
		9CB416F41EC06F6700D6496E /* Release */ = {
			isa = XCBuildConfiguration;
			buildSettings = {
				ALWAYS_EMBED_SWIFT_STANDARD_LIBRARIES = YES;
				BUNDLE_LOADER = "$(TEST_HOST)";
				DEVELOPMENT_TEAM = 4TPDCY22V9;
				INFOPLIST_FILE = ScoryTests/Info.plist;
				LD_RUNPATH_SEARCH_PATHS = "$(inherited) @executable_path/Frameworks @loader_path/Frameworks";
				PRODUCT_BUNDLE_IDENTIFIER = xyz.jakerunzer.ScoryTests;
				PRODUCT_NAME = "$(TARGET_NAME)";
				SWIFT_SWIFT3_OBJC_INFERENCE = On;
				SWIFT_VERSION = 4.0;
				TEST_HOST = "$(BUILT_PRODUCTS_DIR)/Bowtie.app/Bowtie";
			};
			name = Release;
		};
		9CB416F61EC06F6700D6496E /* Debug */ = {
			isa = XCBuildConfiguration;
			buildSettings = {
				ALWAYS_EMBED_SWIFT_STANDARD_LIBRARIES = YES;
				DEVELOPMENT_TEAM = 4TPDCY22V9;
				INFOPLIST_FILE = ScoryUITests/Info.plist;
				LD_RUNPATH_SEARCH_PATHS = "$(inherited) @executable_path/Frameworks @loader_path/Frameworks";
				PRODUCT_BUNDLE_IDENTIFIER = xyz.jakerunzer.ScoryUITests;
				PRODUCT_NAME = "$(TARGET_NAME)";
				SWIFT_SWIFT3_OBJC_INFERENCE = On;
				SWIFT_VERSION = 4.0;
				TEST_TARGET_NAME = Scory;
			};
			name = Debug;
		};
		9CB416F71EC06F6700D6496E /* Release */ = {
			isa = XCBuildConfiguration;
			buildSettings = {
				ALWAYS_EMBED_SWIFT_STANDARD_LIBRARIES = YES;
				DEVELOPMENT_TEAM = 4TPDCY22V9;
				INFOPLIST_FILE = ScoryUITests/Info.plist;
				LD_RUNPATH_SEARCH_PATHS = "$(inherited) @executable_path/Frameworks @loader_path/Frameworks";
				PRODUCT_BUNDLE_IDENTIFIER = xyz.jakerunzer.ScoryUITests;
				PRODUCT_NAME = "$(TARGET_NAME)";
				SWIFT_SWIFT3_OBJC_INFERENCE = On;
				SWIFT_VERSION = 4.0;
				TEST_TARGET_NAME = Scory;
			};
			name = Release;
		};
/* End XCBuildConfiguration section */

/* Begin XCConfigurationList section */
		9CB416C01EC06F6700D6496E /* Build configuration list for PBXProject "Scory" */ = {
			isa = XCConfigurationList;
			buildConfigurations = (
				9CB416ED1EC06F6700D6496E /* Debug */,
				9CB416EE1EC06F6700D6496E /* Release */,
			);
			defaultConfigurationIsVisible = 0;
			defaultConfigurationName = Release;
		};
		9CB416EF1EC06F6700D6496E /* Build configuration list for PBXNativeTarget "Scory" */ = {
			isa = XCConfigurationList;
			buildConfigurations = (
				9CB416F01EC06F6700D6496E /* Debug */,
				9CB416F11EC06F6700D6496E /* Release */,
			);
			defaultConfigurationIsVisible = 0;
			defaultConfigurationName = Release;
		};
		9CB416F21EC06F6700D6496E /* Build configuration list for PBXNativeTarget "ScoryTests" */ = {
			isa = XCConfigurationList;
			buildConfigurations = (
				9CB416F31EC06F6700D6496E /* Debug */,
				9CB416F41EC06F6700D6496E /* Release */,
			);
			defaultConfigurationIsVisible = 0;
			defaultConfigurationName = Release;
		};
		9CB416F51EC06F6700D6496E /* Build configuration list for PBXNativeTarget "ScoryUITests" */ = {
			isa = XCConfigurationList;
			buildConfigurations = (
				9CB416F61EC06F6700D6496E /* Debug */,
				9CB416F71EC06F6700D6496E /* Release */,
			);
			defaultConfigurationIsVisible = 0;
			defaultConfigurationName = Release;
		};
/* End XCConfigurationList section */
	};
	rootObject = 9CB416BD1EC06F6700D6496E /* Project object */;
}
